github.com/wiraline/go-say-hello v1.0.0 h1:wKGuV0FMJMjgYhlTu8FR94474g0vbjqnk85cFRSmJac=
github.com/wiraline/go-say-hello v1.0.0/go.mod h1:RmgJru2stbeqbiOSMz3sjf+h1etPUpQMqkBf5xeipQw=
github.com/wiraline/go-say-hello v1.5.0 h1:D/Ccf5u25V3DJUOVOy1uthrsvl6Ep/qI725k46j8LTw=
github.com/wiraline/go-say-hello v1.5.0/go.mod h1:RmgJru2stbeqbiOSMz3sjf+h1etPUpQMqkBf5xeipQw=
github.com/wiraline/go-say-hello/v2 v2.0.0 h1:K2KhoSYKW8zZPfZYgbfZv0PwdMDnh2aO1QlCKhKPFEc=
github.com/wiraline/go-say-hello/v2 v2.0.0/go.mod h1:KYpRPP4eSGPyQ98s9de0shloTPz3rRVQrL6AOnjUv4s=
